
Microsoft Visual Studio Solution File, Format Version 12.00
# Visual Studio Version 16
VisualStudioVersion = 16.0.29424.173
MinimumVisualStudioVersion = 10.0.40219.1
Project("{FAE04EC0-301F-11D3-BF4B-00C04F79EFBC}") = "DelegatenUndEreignisse", "DelegatenUndEreignisse\DelegatenUndEreignisse.csproj", "{2FEB9920-27E4-49C1-962C-8A27934DC19C}"
EndProject
Global
	GlobalSection(SolutionConfigurationPlatforms) = preSolution
		Debug|Any CPU = Debug|Any CPU
		Release|Any CPU = Release|Any CPU
	EndGlobalSection
	GlobalSection(ProjectConfigurationPlatforms) = postSolution
		{2FEB9920-27E4-49C1-962C-8A27934DC19C}.Debug|Any CPU.ActiveCfg = Debug|Any CPU
		{2FEB9920-27E4-49C1-962C-8A27934DC19C}.Debug|Any CPU.Build.0 = Debug|Any CPU
		{2FEB9920-27E4-49C1-962C-8A27934DC19C}.Release|Any CPU.ActiveCfg = Release|Any CPU
		{2FEB9920-27E4-49C1-962C-8A27934DC19C}.Release|Any CPU.Build.0 = Release|Any CPU
	EndGlobalSection
	GlobalSection(SolutionProperties) = preSolution
		HideSolutionNode = FALSE
	EndGlobalSection
	GlobalSection(ExtensibilityGlobals) = postSolution
		SolutionGuid = {6A925978-5CA1-4DB0-B147-2DB384BB3E3D}
	EndGlobalSection
EndGlobal
