
Microsoft Visual Studio Solution File, Format Version 12.00
# Visual Studio Version 16
VisualStudioVersion = 16.0.29424.173
MinimumVisualStudioVersion = 10.0.40219.1
Project("{FAE04EC0-301F-11D3-BF4B-00C04F79EFBC}") = "SOLID_Taschenrechner", "SOLID_Taschenrechner\SOLID_Taschenrechner.csproj", "{9841410C-023F-4693-A6FA-BCB7F28E4C9A}"
EndProject
Global
	GlobalSection(SolutionConfigurationPlatforms) = preSolution
		Debug|Any CPU = Debug|Any CPU
		Release|Any CPU = Release|Any CPU
	EndGlobalSection
	GlobalSection(ProjectConfigurationPlatforms) = postSolution
		{9841410C-023F-4693-A6FA-BCB7F28E4C9A}.Debug|Any CPU.ActiveCfg = Debug|Any CPU
		{9841410C-023F-4693-A6FA-BCB7F28E4C9A}.Debug|Any CPU.Build.0 = Debug|Any CPU
		{9841410C-023F-4693-A6FA-BCB7F28E4C9A}.Release|Any CPU.ActiveCfg = Release|Any CPU
		{9841410C-023F-4693-A6FA-BCB7F28E4C9A}.Release|Any CPU.Build.0 = Release|Any CPU
	EndGlobalSection
	GlobalSection(SolutionProperties) = preSolution
		HideSolutionNode = FALSE
	EndGlobalSection
	GlobalSection(ExtensibilityGlobals) = postSolution
		SolutionGuid = {520BAE4E-4619-48B4-A4AA-C640ED860FDC}
	EndGlobalSection
EndGlobal
